
Microsoft Visual Studio Solution File, Format Version 12.00
# Visual Studio Version 16
VisualStudioVersion = 16.0.30225.117
MinimumVisualStudioVersion = 10.0.40219.1
Project("{8BC9CEB8-8B4A-11D0-8D11-00A0C91BC942}") = "fcbf_cuda", "fcbf_cuda\fcbf_cuda.vcxproj", "{95CDE79C-65F0-41CA-AB08-6E750593F8AE}"
EndProject
Global
	GlobalSection(SolutionConfigurationPlatforms) = preSolution
		Debug|x64 = Debug|x64
		Release|x64 = Release|x64
	EndGlobalSection
	GlobalSection(ProjectConfigurationPlatforms) = postSolution
		{95CDE79C-65F0-41CA-AB08-6E750593F8AE}.Debug|x64.ActiveCfg = Debug|x64
		{95CDE79C-65F0-41CA-AB08-6E750593F8AE}.Debug|x64.Build.0 = Debug|x64
		{95CDE79C-65F0-41CA-AB08-6E750593F8AE}.Release|x64.ActiveCfg = Release|x64
		{95CDE79C-65F0-41CA-AB08-6E750593F8AE}.Release|x64.Build.0 = Release|x64
	EndGlobalSection
	GlobalSection(SolutionProperties) = preSolution
		HideSolutionNode = FALSE
	EndGlobalSection
	GlobalSection(ExtensibilityGlobals) = postSolution
		SolutionGuid = {F9CCB726-9A68-4BFC-8E0A-11E89958D130}
	EndGlobalSection
EndGlobal
